// !$*UTF8*$!
{
	archiveVersion = 1;
	classes = {
	};
	objectVersion = 46;
	objects = {

/* Begin PBXBuildFile section */
		D48A7A7D1D9AB77A00DC3AD1 /* main.m in Sources */ = {isa = PBXBuildFile; fileRef = D48A7A7C1D9AB77A00DC3AD1 /* main.m */; };
		D48A7A801D9AB77A00DC3AD1 /* AppDelegate.m in Sources */ = {isa = PBXBuildFile; fileRef = D48A7A7F1D9AB77A00DC3AD1 /* AppDelegate.m */; };
		D48A7A831D9AB77A00DC3AD1 /* ViewController.m in Sources */ = {isa = PBXBuildFile; fileRef = D48A7A821D9AB77A00DC3AD1 /* ViewController.m */; };
		D48A7A861D9AB77A00DC3AD1 /* Main.storyboard in Resources */ = {isa = PBXBuildFile; fileRef = D48A7A841D9AB77A00DC3AD1 /* Main.storyboard */; };
		D48A7A881D9AB77A00DC3AD1 /* Assets.xcassets in Resources */ = {isa = PBXBuildFile; fileRef = D48A7A871D9AB77A00DC3AD1 /* Assets.xcassets */; };
		D48A7A8B1D9AB77A00DC3AD1 /* LaunchScreen.storyboard in Resources */ = {isa = PBXBuildFile; fileRef = D48A7A891D9AB77A00DC3AD1 /* LaunchScreen.storyboard */; };
		D48A7A961D9AB77A00DC3AD1 /* MahaagrabandhuTests.m in Sources */ = {isa = PBXBuildFile; fileRef = D48A7A951D9AB77A00DC3AD1 /* MahaagrabandhuTests.m */; };
		D48A7AA11D9AB77A00DC3AD1 /* MahaagrabandhuUITests.m in Sources */ = {isa = PBXBuildFile; fileRef = D48A7AA01D9AB77A00DC3AD1 /* MahaagrabandhuUITests.m */; };
/* End PBXBuildFile section */

/* Begin PBXContainerItemProxy section */
		D48A7A921D9AB77A00DC3AD1 /* PBXContainerItemProxy */ = {
			isa = PBXContainerItemProxy;
			containerPortal = D48A7A701D9AB77900DC3AD1 /* Project object */;
			proxyType = 1;
			remoteGlobalIDString = D48A7A771D9AB77A00DC3AD1;
			remoteInfo = Mahaagrabandhu;
		};
		D48A7A9D1D9AB77A00DC3AD1 /* PBXContainerItemProxy */ = {
			isa = PBXContainerItemProxy;
			containerPortal = D48A7A701D9AB77900DC3AD1 /* Project object */;
			proxyType = 1;
			remoteGlobalIDString = D48A7A771D9AB77A00DC3AD1;
			remoteInfo = Mahaagrabandhu;
		};
/* End PBXContainerItemProxy section */

/* Begin PBXFileReference section */
		D48A7A781D9AB77A00DC3AD1 /* Mahaagrabandhu.app */ = {isa = PBXFileReference; explicitFileType = wrapper.application; includeInIndex = 0; path = Mahaagrabandhu.app; sourceTree = BUILT_PRODUCTS_DIR; };
		D48A7A7C1D9AB77A00DC3AD1 /* main.m */ = {isa = PBXFileReference; lastKnownFileType = sourcecode.c.objc; path = main.m; sourceTree = "<group>"; };
		D48A7A7E1D9AB77A00DC3AD1 /* AppDelegate.h */ = {isa = PBXFileReference; lastKnownFileType = sourcecode.c.h; path = AppDelegate.h; sourceTree = "<group>"; };
		D48A7A7F1D9AB77A00DC3AD1 /* AppDelegate.m */ = {isa = PBXFileReference; lastKnownFileType = sourcecode.c.objc; path = AppDelegate.m; sourceTree = "<group>"; };
		D48A7A811D9AB77A00DC3AD1 /* ViewController.h */ = {isa = PBXFileReference; lastKnownFileType = sourcecode.c.h; path = ViewController.h; sourceTree = "<group>"; };
		D48A7A821D9AB77A00DC3AD1 /* ViewController.m */ = {isa = PBXFileReference; lastKnownFileType = sourcecode.c.objc; path = ViewController.m; sourceTree = "<group>"; };
		D48A7A851D9AB77A00DC3AD1 /* Base */ = {isa = PBXFileReference; lastKnownFileType = file.storyboard; name = Base; path = Base.lproj/Main.storyboard; sourceTree = "<group>"; };
		D48A7A871D9AB77A00DC3AD1 /* Assets.xcassets */ = {isa = PBXFileReference; lastKnownFileType = folder.assetcatalog; path = Assets.xcassets; sourceTree = "<group>"; };
		D48A7A8A1D9AB77A00DC3AD1 /* Base */ = {isa = PBXFileReference; lastKnownFileType = file.storyboard; name = Base; path = Base.lproj/LaunchScreen.storyboard; sourceTree = "<group>"; };
		D48A7A8C1D9AB77A00DC3AD1 /* Info.plist */ = {isa = PBXFileReference; lastKnownFileType = text.plist.xml; path = Info.plist; sourceTree = "<group>"; };
		D48A7A911D9AB77A00DC3AD1 /* MahaagrabandhuTests.xctest */ = {isa = PBXFileReference; explicitFileType = wrapper.cfbundle; includeInIndex = 0; path = MahaagrabandhuTests.xctest; sourceTree = BUILT_PRODUCTS_DIR; };
		D48A7A951D9AB77A00DC3AD1 /* MahaagrabandhuTests.m */ = {isa = PBXFileReference; lastKnownFileType = sourcecode.c.objc; path = MahaagrabandhuTests.m; sourceTree = "<group>"; };
		D48A7A971D9AB77A00DC3AD1 /* Info.plist */ = {isa = PBXFileReference; lastKnownFileType = text.plist.xml; path = Info.plist; sourceTree = "<group>"; };
		D48A7A9C1D9AB77A00DC3AD1 /* MahaagrabandhuUITests.xctest */ = {isa = PBXFileReference; explicitFileType = wrapper.cfbundle; includeInIndex = 0; path = MahaagrabandhuUITests.xctest; sourceTree = BUILT_PRODUCTS_DIR; };
		D48A7AA01D9AB77A00DC3AD1 /* MahaagrabandhuUITests.m */ = {isa = PBXFileReference; lastKnownFileType = sourcecode.c.objc; path = MahaagrabandhuUITests.m; sourceTree = "<group>"; };
		D48A7AA21D9AB77A00DC3AD1 /* Info.plist */ = {isa = PBXFileReference; lastKnownFileType = text.plist.xml; path = Info.plist; sourceTree = "<group>"; };
/* End PBXFileReference section */

/* Begin PBXFrameworksBuildPhase section */
		D48A7A751D9AB77A00DC3AD1 /* Frameworks */ = {
			isa = PBXFrameworksBuildPhase;
			buildActionMask = 2147483647;
			files = (
			);
			runOnlyForDeploymentPostprocessing = 0;
		};
		D48A7A8E1D9AB77A00DC3AD1 /* Frameworks */ = {
			isa = PBXFrameworksBuildPhase;
			buildActionMask = 2147483647;
			files = (
			);
			runOnlyForDeploymentPostprocessing = 0;
		};
		D48A7A991D9AB77A00DC3AD1 /* Frameworks */ = {
			isa = PBXFrameworksBuildPhase;
			buildActionMask = 2147483647;
			files = (
			);
			runOnlyForDeploymentPostprocessing = 0;
		};
/* End PBXFrameworksBuildPhase section */

/* Begin PBXGroup section */
		D48A7A6F1D9AB77900DC3AD1 = {
			isa = PBXGroup;
			children = (
				D48A7A7A1D9AB77A00DC3AD1 /* Mahaagrabandhu */,
				D48A7A941D9AB77A00DC3AD1 /* MahaagrabandhuTests */,
				D48A7A9F1D9AB77A00DC3AD1 /* MahaagrabandhuUITests */,
				D48A7A791D9AB77A00DC3AD1 /* Products */,
			);
			sourceTree = "<group>";
		};
		D48A7A791D9AB77A00DC3AD1 /* Products */ = {
			isa = PBXGroup;
			children = (
				D48A7A781D9AB77A00DC3AD1 /* Mahaagrabandhu.app */,
				D48A7A911D9AB77A00DC3AD1 /* MahaagrabandhuTests.xctest */,
				D48A7A9C1D9AB77A00DC3AD1 /* MahaagrabandhuUITests.xctest */,
			);
			name = Products;
			sourceTree = "<group>";
		};
		D48A7A7A1D9AB77A00DC3AD1 /* Mahaagrabandhu */ = {
			isa = PBXGroup;
			children = (
				D48A7A7E1D9AB77A00DC3AD1 /* AppDelegate.h */,
				D48A7A7F1D9AB77A00DC3AD1 /* AppDelegate.m */,
				D48A7A811D9AB77A00DC3AD1 /* ViewController.h */,
				D48A7A821D9AB77A00DC3AD1 /* ViewController.m */,
				D48A7A841D9AB77A00DC3AD1 /* Main.storyboard */,
				D48A7A871D9AB77A00DC3AD1 /* Assets.xcassets */,
				D48A7A891D9AB77A00DC3AD1 /* LaunchScreen.storyboard */,
				D48A7A8C1D9AB77A00DC3AD1 /* Info.plist */,
				D48A7A7B1D9AB77A00DC3AD1 /* Supporting Files */,
			);
			path = Mahaagrabandhu;
			sourceTree = "<group>";
		};
		D48A7A7B1D9AB77A00DC3AD1 /* Supporting Files */ = {
			isa = PBXGroup;
			children = (
				D48A7A7C1D9AB77A00DC3AD1 /* main.m */,
			);
			name = "Supporting Files";
			sourceTree = "<group>";
		};
		D48A7A941D9AB77A00DC3AD1 /* MahaagrabandhuTests */ = {
			isa = PBXGroup;
			children = (
				D48A7A951D9AB77A00DC3AD1 /* MahaagrabandhuTests.m */,
				D48A7A971D9AB77A00DC3AD1 /* Info.plist */,
			);
			path = MahaagrabandhuTests;
			sourceTree = "<group>";
		};
		D48A7A9F1D9AB77A00DC3AD1 /* MahaagrabandhuUITests */ = {
			isa = PBXGroup;
			children = (
				D48A7AA01D9AB77A00DC3AD1 /* MahaagrabandhuUITests.m */,
				D48A7AA21D9AB77A00DC3AD1 /* Info.plist */,
			);
			path = MahaagrabandhuUITests;
			sourceTree = "<group>";
		};
/* End PBXGroup section */

/* Begin PBXNativeTarget section */
		D48A7A771D9AB77A00DC3AD1 /* Mahaagrabandhu */ = {
			isa = PBXNativeTarget;
			buildConfigurationList = D48A7AA51D9AB77A00DC3AD1 /* Build configuration list for PBXNativeTarget "Mahaagrabandhu" */;
			buildPhases = (
				D48A7A741D9AB77A00DC3AD1 /* Sources */,
				D48A7A751D9AB77A00DC3AD1 /* Frameworks */,
				D48A7A761D9AB77A00DC3AD1 /* Resources */,
			);
			buildRules = (
			);
			dependencies = (
			);
			name = Mahaagrabandhu;
			productName = Mahaagrabandhu;
			productReference = D48A7A781D9AB77A00DC3AD1 /* Mahaagrabandhu.app */;
			productType = "com.apple.product-type.application";
		};
		D48A7A901D9AB77A00DC3AD1 /* MahaagrabandhuTests */ = {
			isa = PBXNativeTarget;
			buildConfigurationList = D48A7AA81D9AB77A00DC3AD1 /* Build configuration list for PBXNativeTarget "MahaagrabandhuTests" */;
			buildPhases = (
				D48A7A8D1D9AB77A00DC3AD1 /* Sources */,
				D48A7A8E1D9AB77A00DC3AD1 /* Frameworks */,
				D48A7A8F1D9AB77A00DC3AD1 /* Resources */,
			);
			buildRules = (
			);
			dependencies = (
				D48A7A931D9AB77A00DC3AD1 /* PBXTargetDependency */,
			);
			name = MahaagrabandhuTests;
			productName = MahaagrabandhuTests;
			productReference = D48A7A911D9AB77A00DC3AD1 /* MahaagrabandhuTests.xctest */;
			productType = "com.apple.product-type.bundle.unit-test";
		};
		D48A7A9B1D9AB77A00DC3AD1 /* MahaagrabandhuUITests */ = {
			isa = PBXNativeTarget;
			buildConfigurationList = D48A7AAB1D9AB77A00DC3AD1 /* Build configuration list for PBXNativeTarget "MahaagrabandhuUITests" */;
			buildPhases = (
				D48A7A981D9AB77A00DC3AD1 /* Sources */,
				D48A7A991D9AB77A00DC3AD1 /* Frameworks */,
				D48A7A9A1D9AB77A00DC3AD1 /* Resources */,
			);
			buildRules = (
			);
			dependencies = (
				D48A7A9E1D9AB77A00DC3AD1 /* PBXTargetDependency */,
			);
			name = MahaagrabandhuUITests;
			productName = MahaagrabandhuUITests;
			productReference = D48A7A9C1D9AB77A00DC3AD1 /* MahaagrabandhuUITests.xctest */;
			productType = "com.apple.product-type.bundle.ui-testing";
		};
/* End PBXNativeTarget section */

/* Begin PBXProject section */
		D48A7A701D9AB77900DC3AD1 /* Project object */ = {
			isa = PBXProject;
			attributes = {
				LastUpgradeCheck = 0730;
				ORGANIZATIONNAME = Stardeep;
				TargetAttributes = {
					D48A7A771D9AB77A00DC3AD1 = {
						CreatedOnToolsVersion = 7.3;
					};
					D48A7A901D9AB77A00DC3AD1 = {
						CreatedOnToolsVersion = 7.3;
						TestTargetID = D48A7A771D9AB77A00DC3AD1;
					};
					D48A7A9B1D9AB77A00DC3AD1 = {
						CreatedOnToolsVersion = 7.3;
						TestTargetID = D48A7A771D9AB77A00DC3AD1;
					};
				};
			};
			buildConfigurationList = D48A7A731D9AB77900DC3AD1 /* Build configuration list for PBXProject "Mahaagrabandhu" */;
			compatibilityVersion = "Xcode 3.2";
			developmentRegion = English;
			hasScannedForEncodings = 0;
			knownRegions = (
				en,
				Base,
			);
			mainGroup = D48A7A6F1D9AB77900DC3AD1;
			productRefGroup = D48A7A791D9AB77A00DC3AD1 /* Products */;
			projectDirPath = "";
			projectRoot = "";
			targets = (
				D48A7A771D9AB77A00DC3AD1 /* Mahaagrabandhu */,
				D48A7A901D9AB77A00DC3AD1 /* MahaagrabandhuTests */,
				D48A7A9B1D9AB77A00DC3AD1 /* MahaagrabandhuUITests */,
			);
		};
/* End PBXProject section */

/* Begin PBXResourcesBuildPhase section */
		D48A7A761D9AB77A00DC3AD1 /* Resources */ = {
			isa = PBXResourcesBuildPhase;
			buildActionMask = 2147483647;
			files = (
				D48A7A8B1D9AB77A00DC3AD1 /* LaunchScreen.storyboard in Resources */,
				D48A7A881D9AB77A00DC3AD1 /* Assets.xcassets in Resources */,
				D48A7A861D9AB77A00DC3AD1 /* Main.storyboard in Resources */,
			);
			runOnlyForDeploymentPostprocessing = 0;
		};
		D48A7A8F1D9AB77A00DC3AD1 /* Resources */ = {
			isa = PBXResourcesBuildPhase;
			buildActionMask = 2147483647;
			files = (
			);
			runOnlyForDeploymentPostprocessing = 0;
		};
		D48A7A9A1D9AB77A00DC3AD1 /* Resources */ = {
			isa = PBXResourcesBuildPhase;
			buildActionMask = 2147483647;
			files = (
			);
			runOnlyForDeploymentPostprocessing = 0;
		};
/* End PBXResourcesBuildPhase section */

/* Begin PBXSourcesBuildPhase section */
		D48A7A741D9AB77A00DC3AD1 /* Sources */ = {
			isa = PBXSourcesBuildPhase;
			buildActionMask = 2147483647;
			files = (
				D48A7A831D9AB77A00DC3AD1 /* ViewController.m in Sources */,
				D48A7A801D9AB77A00DC3AD1 /* AppDelegate.m in Sources */,
				D48A7A7D1D9AB77A00DC3AD1 /* main.m in Sources */,
			);
			runOnlyForDeploymentPostprocessing = 0;
		};
		D48A7A8D1D9AB77A00DC3AD1 /* Sources */ = {
			isa = PBXSourcesBuildPhase;
			buildActionMask = 2147483647;
			files = (
				D48A7A961D9AB77A00DC3AD1 /* MahaagrabandhuTests.m in Sources */,
			);
			runOnlyForDeploymentPostprocessing = 0;
		};
		D48A7A981D9AB77A00DC3AD1 /* Sources */ = {
			isa = PBXSourcesBuildPhase;
			buildActionMask = 2147483647;
			files = (
				D48A7AA11D9AB77A00DC3AD1 /* MahaagrabandhuUITests.m in Sources */,
			);
			runOnlyForDeploymentPostprocessing = 0;
		};
/* End PBXSourcesBuildPhase section */

/* Begin PBXTargetDependency section */
		D48A7A931D9AB77A00DC3AD1 /* PBXTargetDependency */ = {
			isa = PBXTargetDependency;
			target = D48A7A771D9AB77A00DC3AD1 /* Mahaagrabandhu */;
			targetProxy = D48A7A921D9AB77A00DC3AD1 /* PBXContainerItemProxy */;
		};
		D48A7A9E1D9AB77A00DC3AD1 /* PBXTargetDependency */ = {
			isa = PBXTargetDependency;
			target = D48A7A771D9AB77A00DC3AD1 /* Mahaagrabandhu */;
			targetProxy = D48A7A9D1D9AB77A00DC3AD1 /* PBXContainerItemProxy */;
		};
/* End PBXTargetDependency section */

/* Begin PBXVariantGroup section */
		D48A7A841D9AB77A00DC3AD1 /* Main.storyboard */ = {
			isa = PBXVariantGroup;
			children = (
				D48A7A851D9AB77A00DC3AD1 /* Base */,
			);
			name = Main.storyboard;
			sourceTree = "<group>";
		};
		D48A7A891D9AB77A00DC3AD1 /* LaunchScreen.storyboard */ = {
			isa = PBXVariantGroup;
			children = (
				D48A7A8A1D9AB77A00DC3AD1 /* Base */,
			);
			name = LaunchScreen.storyboard;
			sourceTree = "<group>";
		};
/* End PBXVariantGroup section */

/* Begin XCBuildConfiguration section */
		D48A7AA31D9AB77A00DC3AD1 /* Debug */ = {
			isa = XCBuildConfiguration;
			buildSettings = {
				ALWAYS_SEARCH_USER_PATHS = NO;
				CLANG_ANALYZER_NONNULL = YES;
				CLANG_CXX_LANGUAGE_STANDARD = "gnu++0x";
				CLANG_CXX_LIBRARY = "libc++";
				CLANG_ENABLE_MODULES = YES;
				CLANG_ENABLE_OBJC_ARC = YES;
				CLANG_WARN_BOOL_CONVERSION = YES;
				CLANG_WARN_CONSTANT_CONVERSION = YES;
				CLANG_WARN_DIRECT_OBJC_ISA_USAGE = YES_ERROR;
				CLANG_WARN_EMPTY_BODY = YES;
				CLANG_WARN_ENUM_CONVERSION = YES;
				CLANG_WARN_INT_CONVERSION = YES;
				CLANG_WARN_OBJC_ROOT_CLASS = YES_ERROR;
				CLANG_WARN_UNREACHABLE_CODE = YES;
				CLANG_WARN__DUPLICATE_METHOD_MATCH = YES;
				"CODE_SIGN_IDENTITY[sdk=iphoneos*]" = "iPhone Developer";
				COPY_PHASE_STRIP = NO;
				DEBUG_INFORMATION_FORMAT = dwarf;
				ENABLE_STRICT_OBJC_MSGSEND = YES;
				ENABLE_TESTABILITY = YES;
				GCC_C_LANGUAGE_STANDARD = gnu99;
				GCC_DYNAMIC_NO_PIC = NO;
				GCC_NO_COMMON_BLOCKS = YES;
				GCC_OPTIMIZATION_LEVEL = 0;
				GCC_PREPROCESSOR_DEFINITIONS = (
					"DEBUG=1",
					"$(inherited)",
				);
				GCC_WARN_64_TO_32_BIT_CONVERSION = YES;
				GCC_WARN_ABOUT_RETURN_TYPE = YES_ERROR;
				GCC_WARN_UNDECLARED_SELECTOR = YES;
				GCC_WARN_UNINITIALIZED_AUTOS = YES_AGGRESSIVE;
				GCC_WARN_UNUSED_FUNCTION = YES;
				GCC_WARN_UNUSED_VARIABLE = YES;
				IPHONEOS_DEPLOYMENT_TARGET = 9.3;
				MTL_ENABLE_DEBUG_INFO = YES;
				ONLY_ACTIVE_ARCH = YES;
				SDKROOT = iphoneos;
			};
			name = Debug;
		};
		D48A7AA41D9AB77A00DC3AD1 /* Release */ = {
			isa = XCBuildConfiguration;
			buildSettings = {
				ALWAYS_SEARCH_USER_PATHS = NO;
				CLANG_ANALYZER_NONNULL = YES;
				CLANG_CXX_LANGUAGE_STANDARD = "gnu++0x";
				CLANG_CXX_LIBRARY = "libc++";
				CLANG_ENABLE_MODULES = YES;
				CLANG_ENABLE_OBJC_ARC = YES;
				CLANG_WARN_BOOL_CONVERSION = YES;
				CLANG_WARN_CONSTANT_CONVERSION = YES;
				CLANG_WARN_DIRECT_OBJC_ISA_USAGE = YES_ERROR;
				CLANG_WARN_EMPTY_BODY = YES;
				CLANG_WARN_ENUM_CONVERSION = YES;
				CLANG_WARN_INT_CONVERSION = YES;
				CLANG_WARN_OBJC_ROOT_CLASS = YES_ERROR;
				CLANG_WARN_UNREACHABLE_CODE = YES;
				CLANG_WARN__DUPLICATE_METHOD_MATCH = YES;
				"CODE_SIGN_IDENTITY[sdk=iphoneos*]" = "iPhone Developer";
				COPY_PHASE_STRIP = NO;
				DEBUG_INFORMATION_FORMAT = "dwarf-with-dsym";
				ENABLE_NS_ASSERTIONS = NO;
				ENABLE_STRICT_OBJC_MSGSEND = YES;
				GCC_C_LANGUAGE_STANDARD = gnu99;
				GCC_NO_COMMON_BLOCKS = YES;
				GCC_WARN_64_TO_32_BIT_CONVERSION = YES;
				GCC_WARN_ABOUT_RETURN_TYPE = YES_ERROR;
				GCC_WARN_UNDECLARED_SELECTOR = YES;
				GCC_WARN_UNINITIALIZED_AUTOS = YES_AGGRESSIVE;
				GCC_WARN_UNUSED_FUNCTION = YES;
				GCC_WARN_UNUSED_VARIABLE = YES;
				IPHONEOS_DEPLOYMENT_TARGET = 9.3;
				MTL_ENABLE_DEBUG_INFO = NO;
				SDKROOT = iphoneos;
				VALIDATE_PRODUCT = YES;
			};
			name = Release;
		};
		D48A7AA61D9AB77A00DC3AD1 /* Debug */ = {
			isa = XCBuildConfiguration;
			buildSettings = {
				ASSETCATALOG_COMPILER_APPICON_NAME = AppIcon;
				INFOPLIST_FILE = Mahaagrabandhu/Info.plist;
				LD_RUNPATH_SEARCH_PATHS = "$(inherited) @executable_path/Frameworks";
				PRODUCT_BUNDLE_IDENTIFIER = com.alpha.stardeep.Mahaagrabandhu;
				PRODUCT_NAME = "$(TARGET_NAME)";
			};
			name = Debug;
		};
		D48A7AA71D9AB77A00DC3AD1 /* Release */ = {
			isa = XCBuildConfiguration;
			buildSettings = {
				ASSETCATALOG_COMPILER_APPICON_NAME = AppIcon;
				INFOPLIST_FILE = Mahaagrabandhu/Info.plist;
				LD_RUNPATH_SEARCH_PATHS = "$(inherited) @executable_path/Frameworks";
				PRODUCT_BUNDLE_IDENTIFIER = com.alpha.stardeep.Mahaagrabandhu;
				PRODUCT_NAME = "$(TARGET_NAME)";
			};
			name = Release;
		};
		D48A7AA91D9AB77A00DC3AD1 /* Debug */ = {
			isa = XCBuildConfiguration;
			buildSettings = {
				BUNDLE_LOADER = "$(TEST_HOST)";
				INFOPLIST_FILE = MahaagrabandhuTests/Info.plist;
				LD_RUNPATH_SEARCH_PATHS = "$(inherited) @executable_path/Frameworks @loader_path/Frameworks";
				PRODUCT_BUNDLE_IDENTIFIER = com.alpha.stardeep.MahaagrabandhuTests;
				PRODUCT_NAME = "$(TARGET_NAME)";
				TEST_HOST = "$(BUILT_PRODUCTS_DIR)/Mahaagrabandhu.app/Mahaagrabandhu";
			};
			name = Debug;
		};
		D48A7AAA1D9AB77A00DC3AD1 /* Release */ = {
			isa = XCBuildConfiguration;
			buildSettings = {
				BUNDLE_LOADER = "$(TEST_HOST)";
				INFOPLIST_FILE = MahaagrabandhuTests/Info.plist;
				LD_RUNPATH_SEARCH_PATHS = "$(inherited) @executable_path/Frameworks @loader_path/Frameworks";
				PRODUCT_BUNDLE_IDENTIFIER = com.alpha.stardeep.MahaagrabandhuTests;
				PRODUCT_NAME = "$(TARGET_NAME)";
				TEST_HOST = "$(BUILT_PRODUCTS_DIR)/Mahaagrabandhu.app/Mahaagrabandhu";
			};
			name = Release;
		};
		D48A7AAC1D9AB77A00DC3AD1 /* Debug */ = {
			isa = XCBuildConfiguration;
			buildSettings = {
				INFOPLIST_FILE = MahaagrabandhuUITests/Info.plist;
				LD_RUNPATH_SEARCH_PATHS = "$(inherited) @executable_path/Frameworks @loader_path/Frameworks";
				PRODUCT_BUNDLE_IDENTIFIER = com.alpha.stardeep.MahaagrabandhuUITests;
				PRODUCT_NAME = "$(TARGET_NAME)";
				TEST_TARGET_NAME = Mahaagrabandhu;
			};
			name = Debug;
		};
		D48A7AAD1D9AB77A00DC3AD1 /* Release */ = {
			isa = XCBuildConfiguration;
			buildSettings = {
				INFOPLIST_FILE = MahaagrabandhuUITests/Info.plist;
				LD_RUNPATH_SEARCH_PATHS = "$(inherited) @executable_path/Frameworks @loader_path/Frameworks";
				PRODUCT_BUNDLE_IDENTIFIER = com.alpha.stardeep.MahaagrabandhuUITests;
				PRODUCT_NAME = "$(TARGET_NAME)";
				TEST_TARGET_NAME = Mahaagrabandhu;
			};
			name = Release;
		};
/* End XCBuildConfiguration section */

/* Begin XCConfigurationList section */
		D48A7A731D9AB77900DC3AD1 /* Build configuration list for PBXProject "Mahaagrabandhu" */ = {
			isa = XCConfigurationList;
			buildConfigurations = (
				D48A7AA31D9AB77A00DC3AD1 /* Debug */,
				D48A7AA41D9AB77A00DC3AD1 /* Release */,
			);
			defaultConfigurationIsVisible = 0;
			defaultConfigurationName = Release;
		};
		D48A7AA51D9AB77A00DC3AD1 /* Build configuration list for PBXNativeTarget "Mahaagrabandhu" */ = {
			isa = XCConfigurationList;
			buildConfigurations = (
				D48A7AA61D9AB77A00DC3AD1 /* Debug */,
				D48A7AA71D9AB77A00DC3AD1 /* Release */,
			);
			defaultConfigurationIsVisible = 0;
		};
		D48A7AA81D9AB77A00DC3AD1 /* Build configuration list for PBXNativeTarget "MahaagrabandhuTests" */ = {
			isa = XCConfigurationList;
			buildConfigurations = (
				D48A7AA91D9AB77A00DC3AD1 /* Debug */,
				D48A7AAA1D9AB77A00DC3AD1 /* Release */,
			);
			defaultConfigurationIsVisible = 0;
		};
		D48A7AAB1D9AB77A00DC3AD1 /* Build configuration list for PBXNativeTarget "MahaagrabandhuUITests" */ = {
			isa = XCConfigurationList;
			buildConfigurations = (
				D48A7AAC1D9AB77A00DC3AD1 /* Debug */,
				D48A7AAD1D9AB77A00DC3AD1 /* Release */,
			);
			defaultConfigurationIsVisible = 0;
		};
/* End XCConfigurationList section */
	};
	rootObject = D48A7A701D9AB77900DC3AD1 /* Project object */;
}
